version = 1
revision = 3
requires-python = ">=3.13"

[options]
exclude-newer = "2026-04-28T22:51:00.447543119Z"
exclude-newer-span = "P7D"

[[package]]
name = "build"
version = "1.4.4"
source = { registry = "https://pypi.org/simple" }
dependencies = [
    { name = "colorama", marker = "os_name == 'nt'" },
    { name = "packaging" },
    { name = "pyproject-hooks" },
]
sdist = { url = "https://files.pythonhosted.org/packages/02/ec/bf5ae0a7e5ab57abe8aabdd0759c971883895d1a20c49ae99f8146840c3c/build-1.4.4.tar.gz", hash = "sha256:f832ae053061f3fb524af812dc94b8b84bac6880cd587630e3b5d91a6a9c1703", size = 89220, upload-time = "2026-04-22T20:53:44.807Z" }
wheels = [
    { url = "https://files.pythonhosted.org/packages/fa/88/6764e7a109dd84294850741501145da90d13cdeac9d4e614929464a37420/build-1.4.4-py3-none-any.whl", hash = "sha256:8c3f48a6090b39edec1a273d2d57949aaf13723b01e02f9d518396887519f64d", size = 25921, upload-time = "2026-04-22T20:53:43.251Z" },
]

[[package]]
name = "colorama"
version = "0.4.6"
source = { registry = "https://pypi.org/simple" }
sdist = { url = "https://files.pythonhosted.org/packages/d8/53/6f443c9a4a8358a93a6792e2acffb9d9d5cb0a5cfd8802644b7b1c9a02e4/colorama-0.4.6.tar.gz", hash = "sha256:08695f5cb7ed6e0531a20572697297273c47b8cae5a63ffc6d6ed5c201be6e44", size = 27697, upload-time = "2022-10-25T02:36:22.414Z" }
wheels = [
    { url = "https://files.pythonhosted.org/packages/d1/d6/3965ed04c63042e047cb6a3e6ed1a63a35087b6a609aa3a15ed8ac56c221/colorama-0.4.6-py2.py3-none-any.whl", hash = "sha256:4f1d9991f5acc0ca119f9d443620b77f9d6b33703e51011c16baf57afb285fc6", size = 25335, upload-time = "2022-10-25T02:36:20.889Z" },
]

[[package]]
name = "hatchling"
version = "1.29.0"
source = { registry = "https://pypi.org/simple" }
dependencies = [
    { name = "packaging" },
    { name = "pathspec" },
    { name = "pluggy" },
    { name = "trove-classifiers" },
]
sdist = { url = "https://files.pythonhosted.org/packages/cf/9c/b4cfe330cd4f49cff17fd771154730555fa4123beb7f292cf0098b4e6c20/hatchling-1.29.0.tar.gz", hash = "sha256:793c31816d952cee405b83488ce001c719f325d9cda69f1fc4cd750527640ea6", size = 55656, upload-time = "2026-02-23T19:42:06.539Z" }
wheels = [
    { url = "https://files.pythonhosted.org/packages/d3/8a/44032265776062a89171285ede55a0bdaadc8ac00f27f0512a71a9e3e1c8/hatchling-1.29.0-py3-none-any.whl", hash = "sha256:50af9343281f34785fab12da82e445ed987a6efb34fd8c2fc0f6e6630dbcc1b0", size = 76356, upload-time = "2026-02-23T19:42:05.197Z" },
]

[[package]]
name = "packaging"
version = "26.2"
source = { registry = "https://pypi.org/simple" }
sdist = { url = "https://files.pythonhosted.org/packages/d7/f1/e7a6dd94a8d4a5626c03e4e99c87f241ba9e350cd9e6d75123f992427270/packaging-26.2.tar.gz", hash = "sha256:ff452ff5a3e828ce110190feff1178bb1f2ea2281fa2075aadb987c2fb221661", size = 228134, upload-time = "2026-04-24T20:15:23.917Z" }
wheels = [
    { url = "https://files.pythonhosted.org/packages/df/b2/87e62e8c3e2f4b32e5fe99e0b86d576da1312593b39f47d8ceef365e95ed/packaging-26.2-py3-none-any.whl", hash = "sha256:5fc45236b9446107ff2415ce77c807cee2862cb6fac22b8a73826d0693b0980e", size = 100195, upload-time = "2026-04-24T20:15:22.081Z" },
]

[[package]]
name = "pathspec"
version = "1.1.1"
source = { registry = "https://pypi.org/simple" }
sdist = { url = "https://files.pythonhosted.org/packages/5a/82/42f767fc1c1143d6fd36efb827202a2d997a375e160a71eb2888a925aac1/pathspec-1.1.1.tar.gz", hash = "sha256:17db5ecd524104a120e173814c90367a96a98d07c45b2e10c2f3919fff91bf5a", size = 135180, upload-time = "2026-04-27T01:46:08.907Z" }
wheels = [
    { url = "https://files.pythonhosted.org/packages/f1/d9/7fb5aa316bc299258e68c73ba3bddbc499654a07f151cba08f6153988714/pathspec-1.1.1-py3-none-any.whl", hash = "sha256:a00ce642f577bf7f473932318056212bc4f8bfdf53128c78bbd5af0b9b20b189", size = 57328, upload-time = "2026-04-27T01:46:07.06Z" },
]

[[package]]
name = "pip"
version = "26.1"
source = { registry = "https://pypi.org/simple" }
sdist = { url = "https://files.pythonhosted.org/packages/73/7e/d2b04004e1068ad4fdfa2f227b839b5d03e602e47cdbbf49de71137c9546/pip-26.1.tar.gz", hash = "sha256:81e13ebcca3ffa8cc85e4deff5c27e1ee26dea0aa7fc2f294a073ac208806ff3", size = 1840316, upload-time = "2026-04-26T21:00:05.406Z" }
wheels = [
    { url = "https://files.pythonhosted.org/packages/70/7a/be4bd8bcbb24ea475856dd68159d78b03b2bb53dae369f69c9606b8888f5/pip-26.1-py3-none-any.whl", hash = "sha256:4e8486d821d814b77319acb7b9e8bf5a4ee7590a643e7cb21029f209be8573c1", size = 1812804, upload-time = "2026-04-26T21:00:03.194Z" },
]

[[package]]
name = "pluggy"
version = "1.6.0"
source = { registry = "https://pypi.org/simple" }
sdist = { url = "https://files.pythonhosted.org/packages/f9/e2/3e91f31a7d2b083fe6ef3fa267035b518369d9511ffab804f839851d2779/pluggy-1.6.0.tar.gz", hash = "sha256:7dcc130b76258d33b90f61b658791dede3486c3e6bfb003ee5c9bfb396dd22f3", size = 69412, upload-time = "2025-05-15T12:30:07.975Z" }
wheels = [
    { url = "https://files.pythonhosted.org/packages/54/20/4d324d65cc6d9205fabedc306948156824eb9f0ee1633355a8f7ec5c66bf/pluggy-1.6.0-py3-none-any.whl", hash = "sha256:e920276dd6813095e9377c0bc5566d94c932c33b27a3e3945d8389c374dd4746", size = 20538, upload-time = "2025-05-15T12:30:06.134Z" },
]

[[package]]
name = "pyflakes"
version = "3.4.0"
source = { registry = "https://pypi.org/simple" }
sdist = { url = "https://files.pythonhosted.org/packages/45/dc/fd034dc20b4b264b3d015808458391acbf9df40b1e54750ef175d39180b1/pyflakes-3.4.0.tar.gz", hash = "sha256:b24f96fafb7d2ab0ec5075b7350b3d2d2218eab42003821c06344973d3ea2f58", size = 64669, upload-time = "2025-06-20T18:45:27.834Z" }
wheels = [
    { url = "https://files.pythonhosted.org/packages/c2/2f/81d580a0fb83baeb066698975cb14a618bdbed7720678566f1b046a95fe8/pyflakes-3.4.0-py2.py3-none-any.whl", hash = "sha256:f742a7dbd0d9cb9ea41e9a24a918996e8170c799fa528688d40dd582c8265f4f", size = 63551, upload-time = "2025-06-20T18:45:26.937Z" },
]

[[package]]
name = "pyinstaller-builds"
version = "0.1.0"
source = { virtual = "." }

[package.dev-dependencies]
build = [
    { name = "build" },
    { name = "hatchling" },
]
pip = [
    { name = "pip" },
]
pyflakes = [
    { name = "pyflakes" },
]

[package.metadata]

[package.metadata.requires-dev]
build = [
    { name = "build" },
    { name = "hatchling", specifier = ">=1.27.0" },
]
pip = [{ name = "pip" }]
pyflakes = [{ name = "pyflakes", specifier = "~=3.4.0" }]

[[package]]
name = "pyproject-hooks"
version = "1.2.0"
source = { registry = "https://pypi.org/simple" }
sdist = { url = "https://files.pythonhosted.org/packages/e7/82/28175b2414effca1cdac8dc99f76d660e7a4fb0ceefa4b4ab8f5f6742925/pyproject_hooks-1.2.0.tar.gz", hash = "sha256:1e859bd5c40fae9448642dd871adf459e5e2084186e8d2c2a79a824c970da1f8", size = 19228, upload-time = "2024-09-29T09:24:13.293Z" }
wheels = [
    { url = "https://files.pythonhosted.org/packages/bd/24/12818598c362d7f300f18e74db45963dbcb85150324092410c8b49405e42/pyproject_hooks-1.2.0-py3-none-any.whl", hash = "sha256:9e5c6bfa8dcc30091c74b0cf803c81fdd29d94f01992a7707bc97babb1141913", size = 10216, upload-time = "2024-09-29T09:24:11.978Z" },
]

[[package]]
name = "trove-classifiers"
version = "2026.4.28.13"
source = { registry = "https://pypi.org/simple" }
sdist = { url = "https://files.pythonhosted.org/packages/04/af/88fdebf242bc7bc4957c96c5358a2b2b0f07e5001401906783a521ea9f54/trove_classifiers-2026.4.28.13.tar.gz", hash = "sha256:c85bb8a53c3de7330d1699b844ed9fb809a602a09ac15dc79ad6d1a509be0676", size = 17035, upload-time = "2026-04-28T13:45:41.495Z" }
wheels = [
    { url = "https://files.pythonhosted.org/packages/d6/bb/fbdc4e57731efb86b4209ffdd2519520782bf27b3c961beac3e5c20d2b87/trove_classifiers-2026.4.28.13-py3-none-any.whl", hash = "sha256:8f4b1eb4e16296b57d612965444f87a83861cc989a0451ac97fe4265ddef03b8", size = 14216, upload-time = "2026-04-28T13:45:39.943Z" },
]
